
Microsoft Visual Studio Solution File, Format Version 12.00
# Visual Studio Version 17
VisualStudioVersion = 17.2.32602.215
MinimumVisualStudioVersion = 10.0.40219.1
Project("{FAE04EC0-301F-11D3-BF4B-00C04F79EFBC}") = "BackupHomeFolder", "BackupHomeFolder\BackupHomeFolder.csproj", "{C12A56FA-8F39-47CD-A249-6DC0327426E8}"
EndProject
Project("{FAE04EC0-301F-11D3-BF4B-00C04F79EFBC}") = "GenerateCRC32Checksum", "GenerateCRC32Checksum\GenerateCRC32Checksum.csproj", "{89524161-6D8C-4739-A880-6F242A218248}"
EndProject
Project("{FAE04EC0-301F-11D3-BF4B-00C04F79EFBC}") = "PicrossSolver", "PicrossSolver\PicrossSolver.csproj", "{620E3A03-66BA-472F-8C21-50826C1E8B3C}"
EndProject
Project("{FAE04EC0-301F-11D3-BF4B-00C04F79EFBC}") = "TurkishEncodingFixer", "TurkishEncodingFixer\TurkishEncodingFixer.csproj", "{6C358CE8-7866-4C2B-9D1C-7F02B673094C}"
EndProject
Project("{FAE04EC0-301F-11D3-BF4B-00C04F79EFBC}") = "TextCompare", "TextCompare\TextCompare.csproj", "{545A3E99-C97A-4FB3-A60B-845FA3C2AD9D}"
EndProject
Project("{FAE04EC0-301F-11D3-BF4B-00C04F79EFBC}") = "ExcelScriptGenerator", "ExcelScriptGenerator\ExcelScriptGenerator.csproj", "{68B674D6-DC0B-470C-A5CF-B7FA728138ED}"
EndProject
Project("{FAE04EC0-301F-11D3-BF4B-00C04F79EFBC}") = "DuplicateFinder", "DuplicateFinder\DuplicateFinder.csproj", "{FB1573E6-8BF0-4BFB-99F5-0FA38E2B073E}"
EndProject
Project("{9A19103F-16F7-4668-BE54-9A1E7A4F7556}") = "SubtitleFixer", "SubtitleFixer\SubtitleFixer.csproj", "{D587DE31-94C4-4AAD-A727-D7B44B87BC6D}"
EndProject
Project("{FAE04EC0-301F-11D3-BF4B-00C04F79EFBC}") = "MinesweeperSolver", "MinesweeperSolver\MinesweeperSolver.csproj", "{8907A113-BA2C-4A77-9FD5-B2B55AC0A93E}"
EndProject
Project("{FAE04EC0-301F-11D3-BF4B-00C04F79EFBC}") = "CasualConsole", "CasualConsole\CasualConsole.csproj", "{94279BAB-F62C-4D42-BBA5-A6F03CEAD7B0}"
EndProject
Project("{9A19103F-16F7-4668-BE54-9A1E7A4F7556}") = "CasualConsoleCore", "CasualConsoleCore\CasualConsoleCore.csproj", "{AC778C34-F97E-4C36-89F8-157FBBA28CA3}"
EndProject
Global
	GlobalSection(SolutionConfigurationPlatforms) = preSolution
		Debug|Any CPU = Debug|Any CPU
		Debug|x64 = Debug|x64
		Debug|x86 = Debug|x86
		Release|Any CPU = Release|Any CPU
		Release|x64 = Release|x64
		Release|x86 = Release|x86
	EndGlobalSection
	GlobalSection(ProjectConfigurationPlatforms) = postSolution
		{C12A56FA-8F39-47CD-A249-6DC0327426E8}.Debug|Any CPU.ActiveCfg = Debug|x86
		{C12A56FA-8F39-47CD-A249-6DC0327426E8}.Debug|Any CPU.Build.0 = Debug|x86
		{C12A56FA-8F39-47CD-A249-6DC0327426E8}.Debug|x64.ActiveCfg = Debug|x86
		{C12A56FA-8F39-47CD-A249-6DC0327426E8}.Debug|x86.ActiveCfg = Debug|x86
		{C12A56FA-8F39-47CD-A249-6DC0327426E8}.Debug|x86.Build.0 = Debug|x86
		{C12A56FA-8F39-47CD-A249-6DC0327426E8}.Release|Any CPU.ActiveCfg = Release|x86
		{C12A56FA-8F39-47CD-A249-6DC0327426E8}.Release|x64.ActiveCfg = Release|x86
		{C12A56FA-8F39-47CD-A249-6DC0327426E8}.Release|x86.ActiveCfg = Release|x86
		{C12A56FA-8F39-47CD-A249-6DC0327426E8}.Release|x86.Build.0 = Release|x86
		{89524161-6D8C-4739-A880-6F242A218248}.Debug|Any CPU.ActiveCfg = Debug|x86
		{89524161-6D8C-4739-A880-6F242A218248}.Debug|Any CPU.Build.0 = Debug|x86
		{89524161-6D8C-4739-A880-6F242A218248}.Debug|x64.ActiveCfg = Debug|x86
		{89524161-6D8C-4739-A880-6F242A218248}.Debug|x86.ActiveCfg = Debug|x86
		{89524161-6D8C-4739-A880-6F242A218248}.Debug|x86.Build.0 = Debug|x86
		{89524161-6D8C-4739-A880-6F242A218248}.Release|Any CPU.ActiveCfg = Release|x86
		{89524161-6D8C-4739-A880-6F242A218248}.Release|x64.ActiveCfg = Release|x86
		{89524161-6D8C-4739-A880-6F242A218248}.Release|x86.ActiveCfg = Release|x86
		{89524161-6D8C-4739-A880-6F242A218248}.Release|x86.Build.0 = Release|x86
		{620E3A03-66BA-472F-8C21-50826C1E8B3C}.Debug|Any CPU.ActiveCfg = Debug|Any CPU
		{620E3A03-66BA-472F-8C21-50826C1E8B3C}.Debug|Any CPU.Build.0 = Debug|Any CPU
		{620E3A03-66BA-472F-8C21-50826C1E8B3C}.Debug|x64.ActiveCfg = Debug|Any CPU
		{620E3A03-66BA-472F-8C21-50826C1E8B3C}.Debug|x64.Build.0 = Debug|Any CPU
		{620E3A03-66BA-472F-8C21-50826C1E8B3C}.Debug|x86.ActiveCfg = Debug|Any CPU
		{620E3A03-66BA-472F-8C21-50826C1E8B3C}.Debug|x86.Build.0 = Debug|Any CPU
		{620E3A03-66BA-472F-8C21-50826C1E8B3C}.Release|Any CPU.ActiveCfg = Release|Any CPU
		{620E3A03-66BA-472F-8C21-50826C1E8B3C}.Release|Any CPU.Build.0 = Release|Any CPU
		{620E3A03-66BA-472F-8C21-50826C1E8B3C}.Release|x64.ActiveCfg = Release|Any CPU
		{620E3A03-66BA-472F-8C21-50826C1E8B3C}.Release|x64.Build.0 = Release|Any CPU
		{620E3A03-66BA-472F-8C21-50826C1E8B3C}.Release|x86.ActiveCfg = Release|Any CPU
		{620E3A03-66BA-472F-8C21-50826C1E8B3C}.Release|x86.Build.0 = Release|Any CPU
		{6C358CE8-7866-4C2B-9D1C-7F02B673094C}.Debug|Any CPU.ActiveCfg = Debug|Any CPU
		{6C358CE8-7866-4C2B-9D1C-7F02B673094C}.Debug|Any CPU.Build.0 = Debug|Any CPU
		{6C358CE8-7866-4C2B-9D1C-7F02B673094C}.Debug|x64.ActiveCfg = Debug|Any CPU
		{6C358CE8-7866-4C2B-9D1C-7F02B673094C}.Debug|x64.Build.0 = Debug|Any CPU
		{6C358CE8-7866-4C2B-9D1C-7F02B673094C}.Debug|x86.ActiveCfg = Debug|Any CPU
		{6C358CE8-7866-4C2B-9D1C-7F02B673094C}.Debug|x86.Build.0 = Debug|Any CPU
		{6C358CE8-7866-4C2B-9D1C-7F02B673094C}.Release|Any CPU.ActiveCfg = Release|Any CPU
		{6C358CE8-7866-4C2B-9D1C-7F02B673094C}.Release|Any CPU.Build.0 = Release|Any CPU
		{6C358CE8-7866-4C2B-9D1C-7F02B673094C}.Release|x64.ActiveCfg = Release|Any CPU
		{6C358CE8-7866-4C2B-9D1C-7F02B673094C}.Release|x64.Build.0 = Release|Any CPU
		{6C358CE8-7866-4C2B-9D1C-7F02B673094C}.Release|x86.ActiveCfg = Release|Any CPU
		{6C358CE8-7866-4C2B-9D1C-7F02B673094C}.Release|x86.Build.0 = Release|Any CPU
		{545A3E99-C97A-4FB3-A60B-845FA3C2AD9D}.Debug|Any CPU.ActiveCfg = Debug|Any CPU
		{545A3E99-C97A-4FB3-A60B-845FA3C2AD9D}.Debug|Any CPU.Build.0 = Debug|Any CPU
		{545A3E99-C97A-4FB3-A60B-845FA3C2AD9D}.Debug|x64.ActiveCfg = Debug|Any CPU
		{545A3E99-C97A-4FB3-A60B-845FA3C2AD9D}.Debug|x64.Build.0 = Debug|Any CPU
		{545A3E99-C97A-4FB3-A60B-845FA3C2AD9D}.Debug|x86.ActiveCfg = Debug|Any CPU
		{545A3E99-C97A-4FB3-A60B-845FA3C2AD9D}.Debug|x86.Build.0 = Debug|Any CPU
		{545A3E99-C97A-4FB3-A60B-845FA3C2AD9D}.Release|Any CPU.ActiveCfg = Release|Any CPU
		{545A3E99-C97A-4FB3-A60B-845FA3C2AD9D}.Release|Any CPU.Build.0 = Release|Any CPU
		{545A3E99-C97A-4FB3-A60B-845FA3C2AD9D}.Release|x64.ActiveCfg = Release|Any CPU
		{545A3E99-C97A-4FB3-A60B-845FA3C2AD9D}.Release|x64.Build.0 = Release|Any CPU
		{545A3E99-C97A-4FB3-A60B-845FA3C2AD9D}.Release|x86.ActiveCfg = Release|Any CPU
		{545A3E99-C97A-4FB3-A60B-845FA3C2AD9D}.Release|x86.Build.0 = Release|Any CPU
		{68B674D6-DC0B-470C-A5CF-B7FA728138ED}.Debug|Any CPU.ActiveCfg = Debug|Any CPU
		{68B674D6-DC0B-470C-A5CF-B7FA728138ED}.Debug|Any CPU.Build.0 = Debug|Any CPU
		{68B674D6-DC0B-470C-A5CF-B7FA728138ED}.Debug|x64.ActiveCfg = Debug|Any CPU
		{68B674D6-DC0B-470C-A5CF-B7FA728138ED}.Debug|x64.Build.0 = Debug|Any CPU
		{68B674D6-DC0B-470C-A5CF-B7FA728138ED}.Debug|x86.ActiveCfg = Debug|Any CPU
		{68B674D6-DC0B-470C-A5CF-B7FA728138ED}.Debug|x86.Build.0 = Debug|Any CPU
		{68B674D6-DC0B-470C-A5CF-B7FA728138ED}.Release|Any CPU.ActiveCfg = Release|Any CPU
		{68B674D6-DC0B-470C-A5CF-B7FA728138ED}.Release|Any CPU.Build.0 = Release|Any CPU
		{68B674D6-DC0B-470C-A5CF-B7FA728138ED}.Release|x64.ActiveCfg = Release|Any CPU
		{68B674D6-DC0B-470C-A5CF-B7FA728138ED}.Release|x64.Build.0 = Release|Any CPU
		{68B674D6-DC0B-470C-A5CF-B7FA728138ED}.Release|x86.ActiveCfg = Release|Any CPU
		{68B674D6-DC0B-470C-A5CF-B7FA728138ED}.Release|x86.Build.0 = Release|Any CPU
		{FB1573E6-8BF0-4BFB-99F5-0FA38E2B073E}.Debug|Any CPU.ActiveCfg = Debug|Any CPU
		{FB1573E6-8BF0-4BFB-99F5-0FA38E2B073E}.Debug|Any CPU.Build.0 = Debug|Any CPU
		{FB1573E6-8BF0-4BFB-99F5-0FA38E2B073E}.Debug|x64.ActiveCfg = Debug|Any CPU
		{FB1573E6-8BF0-4BFB-99F5-0FA38E2B073E}.Debug|x64.Build.0 = Debug|Any CPU
		{FB1573E6-8BF0-4BFB-99F5-0FA38E2B073E}.Debug|x86.ActiveCfg = Debug|Any CPU
		{FB1573E6-8BF0-4BFB-99F5-0FA38E2B073E}.Debug|x86.Build.0 = Debug|Any CPU
		{FB1573E6-8BF0-4BFB-99F5-0FA38E2B073E}.Release|Any CPU.ActiveCfg = Release|Any CPU
		{FB1573E6-8BF0-4BFB-99F5-0FA38E2B073E}.Release|Any CPU.Build.0 = Release|Any CPU
		{FB1573E6-8BF0-4BFB-99F5-0FA38E2B073E}.Release|x64.ActiveCfg = Release|Any CPU
		{FB1573E6-8BF0-4BFB-99F5-0FA38E2B073E}.Release|x64.Build.0 = Release|Any CPU
		{FB1573E6-8BF0-4BFB-99F5-0FA38E2B073E}.Release|x86.ActiveCfg = Release|Any CPU
		{FB1573E6-8BF0-4BFB-99F5-0FA38E2B073E}.Release|x86.Build.0 = Release|Any CPU
		{D587DE31-94C4-4AAD-A727-D7B44B87BC6D}.Debug|Any CPU.ActiveCfg = Debug|Any CPU
		{D587DE31-94C4-4AAD-A727-D7B44B87BC6D}.Debug|Any CPU.Build.0 = Debug|Any CPU
		{D587DE31-94C4-4AAD-A727-D7B44B87BC6D}.Debug|x64.ActiveCfg = Debug|Any CPU
		{D587DE31-94C4-4AAD-A727-D7B44B87BC6D}.Debug|x64.Build.0 = Debug|Any CPU
		{D587DE31-94C4-4AAD-A727-D7B44B87BC6D}.Debug|x86.ActiveCfg = Debug|Any CPU
		{D587DE31-94C4-4AAD-A727-D7B44B87BC6D}.Debug|x86.Build.0 = Debug|Any CPU
		{D587DE31-94C4-4AAD-A727-D7B44B87BC6D}.Release|Any CPU.ActiveCfg = Release|Any CPU
		{D587DE31-94C4-4AAD-A727-D7B44B87BC6D}.Release|Any CPU.Build.0 = Release|Any CPU
		{D587DE31-94C4-4AAD-A727-D7B44B87BC6D}.Release|x64.ActiveCfg = Release|Any CPU
		{D587DE31-94C4-4AAD-A727-D7B44B87BC6D}.Release|x64.Build.0 = Release|Any CPU
		{D587DE31-94C4-4AAD-A727-D7B44B87BC6D}.Release|x86.ActiveCfg = Release|Any CPU
		{D587DE31-94C4-4AAD-A727-D7B44B87BC6D}.Release|x86.Build.0 = Release|Any CPU
		{8907A113-BA2C-4A77-9FD5-B2B55AC0A93E}.Debug|Any CPU.ActiveCfg = Debug|Any CPU
		{8907A113-BA2C-4A77-9FD5-B2B55AC0A93E}.Debug|Any CPU.Build.0 = Debug|Any CPU
		{8907A113-BA2C-4A77-9FD5-B2B55AC0A93E}.Debug|x64.ActiveCfg = Debug|Any CPU
		{8907A113-BA2C-4A77-9FD5-B2B55AC0A93E}.Debug|x64.Build.0 = Debug|Any CPU
		{8907A113-BA2C-4A77-9FD5-B2B55AC0A93E}.Debug|x86.ActiveCfg = Debug|Any CPU
		{8907A113-BA2C-4A77-9FD5-B2B55AC0A93E}.Debug|x86.Build.0 = Debug|Any CPU
		{8907A113-BA2C-4A77-9FD5-B2B55AC0A93E}.Release|Any CPU.ActiveCfg = Release|Any CPU
		{8907A113-BA2C-4A77-9FD5-B2B55AC0A93E}.Release|Any CPU.Build.0 = Release|Any CPU
		{8907A113-BA2C-4A77-9FD5-B2B55AC0A93E}.Release|x64.ActiveCfg = Release|Any CPU
		{8907A113-BA2C-4A77-9FD5-B2B55AC0A93E}.Release|x64.Build.0 = Release|Any CPU
		{8907A113-BA2C-4A77-9FD5-B2B55AC0A93E}.Release|x86.ActiveCfg = Release|Any CPU
		{8907A113-BA2C-4A77-9FD5-B2B55AC0A93E}.Release|x86.Build.0 = Release|Any CPU
		{94279BAB-F62C-4D42-BBA5-A6F03CEAD7B0}.Debug|Any CPU.ActiveCfg = Debug|Any CPU
		{94279BAB-F62C-4D42-BBA5-A6F03CEAD7B0}.Debug|Any CPU.Build.0 = Debug|Any CPU
		{94279BAB-F62C-4D42-BBA5-A6F03CEAD7B0}.Debug|x64.ActiveCfg = Debug|Any CPU
		{94279BAB-F62C-4D42-BBA5-A6F03CEAD7B0}.Debug|x64.Build.0 = Debug|Any CPU
		{94279BAB-F62C-4D42-BBA5-A6F03CEAD7B0}.Debug|x86.ActiveCfg = Debug|Any CPU
		{94279BAB-F62C-4D42-BBA5-A6F03CEAD7B0}.Debug|x86.Build.0 = Debug|Any CPU
		{94279BAB-F62C-4D42-BBA5-A6F03CEAD7B0}.Release|Any CPU.ActiveCfg = Release|Any CPU
		{94279BAB-F62C-4D42-BBA5-A6F03CEAD7B0}.Release|Any CPU.Build.0 = Release|Any CPU
		{94279BAB-F62C-4D42-BBA5-A6F03CEAD7B0}.Release|x64.ActiveCfg = Release|Any CPU
		{94279BAB-F62C-4D42-BBA5-A6F03CEAD7B0}.Release|x64.Build.0 = Release|Any CPU
		{94279BAB-F62C-4D42-BBA5-A6F03CEAD7B0}.Release|x86.ActiveCfg = Release|Any CPU
		{94279BAB-F62C-4D42-BBA5-A6F03CEAD7B0}.Release|x86.Build.0 = Release|Any CPU
		{AC778C34-F97E-4C36-89F8-157FBBA28CA3}.Debug|Any CPU.ActiveCfg = Debug|Any CPU
		{AC778C34-F97E-4C36-89F8-157FBBA28CA3}.Debug|Any CPU.Build.0 = Debug|Any CPU
		{AC778C34-F97E-4C36-89F8-157FBBA28CA3}.Debug|x64.ActiveCfg = Debug|Any CPU
		{AC778C34-F97E-4C36-89F8-157FBBA28CA3}.Debug|x64.Build.0 = Debug|Any CPU
		{AC778C34-F97E-4C36-89F8-157FBBA28CA3}.Debug|x86.ActiveCfg = Debug|Any CPU
		{AC778C34-F97E-4C36-89F8-157FBBA28CA3}.Debug|x86.Build.0 = Debug|Any CPU
		{AC778C34-F97E-4C36-89F8-157FBBA28CA3}.Release|Any CPU.ActiveCfg = Release|Any CPU
		{AC778C34-F97E-4C36-89F8-157FBBA28CA3}.Release|Any CPU.Build.0 = Release|Any CPU
		{AC778C34-F97E-4C36-89F8-157FBBA28CA3}.Release|x64.ActiveCfg = Release|Any CPU
		{AC778C34-F97E-4C36-89F8-157FBBA28CA3}.Release|x64.Build.0 = Release|Any CPU
		{AC778C34-F97E-4C36-89F8-157FBBA28CA3}.Release|x86.ActiveCfg = Release|Any CPU
		{AC778C34-F97E-4C36-89F8-157FBBA28CA3}.Release|x86.Build.0 = Release|Any CPU
	EndGlobalSection
	GlobalSection(SolutionProperties) = preSolution
		HideSolutionNode = FALSE
	EndGlobalSection
	GlobalSection(ExtensibilityGlobals) = postSolution
		SolutionGuid = {2EB9F538-A8FB-47B3-8FBA-C1F658A10AD6}
	EndGlobalSection
EndGlobal
