
Microsoft Visual Studio Solution File, Format Version 12.00
# Visual Studio 15
VisualStudioVersion = 15.0.27130.2024
MinimumVisualStudioVersion = 10.0.40219.1
Project("{FAE04EC0-301F-11D3-BF4B-00C04F79EFBC}") = "CasualConsole", "CasualConsole\CasualConsole.csproj", "{94279BAB-F62C-4D42-BBA5-A6F03CEAD7B0}"
EndProject
Project("{FAE04EC0-301F-11D3-BF4B-00C04F79EFBC}") = "XMLBeautifier", "XMLBeautifier\XMLBeautifier.csproj", "{F950AF46-7A10-4FFE-B7D8-A09DF845FB67}"
EndProject
Project("{FAE04EC0-301F-11D3-BF4B-00C04F79EFBC}") = "BackupHomeFolder", "BackupHomeFolder\BackupHomeFolder.csproj", "{C12A56FA-8F39-47CD-A249-6DC0327426E8}"
EndProject
Project("{FAE04EC0-301F-11D3-BF4B-00C04F79EFBC}") = "GenerateCRC32Checksum", "GenerateCRC32Checksum\GenerateCRC32Checksum.csproj", "{89524161-6D8C-4739-A880-6F242A218248}"
EndProject
Project("{FAE04EC0-301F-11D3-BF4B-00C04F79EFBC}") = "PicrossSolver", "PicrossSolver\PicrossSolver.csproj", "{620E3A03-66BA-472F-8C21-50826C1E8B3C}"
EndProject
Project("{FAE04EC0-301F-11D3-BF4B-00C04F79EFBC}") = "TorrentSeedLeechCounter", "TorrentSeedLeechCounter\TorrentSeedLeechCounter.csproj", "{3A8DD977-4954-4CFF-B8DC-52D7BB131B99}"
EndProject
Project("{FAE04EC0-301F-11D3-BF4B-00C04F79EFBC}") = "TorrentSeedLeechCorrecter", "TorrentSeedLeechCorrecter\TorrentSeedLeechCorrecter.csproj", "{32F56A41-7883-41AF-A824-603A328D67B2}"
EndProject
Project("{FAE04EC0-301F-11D3-BF4B-00C04F79EFBC}") = "HeroesMapManipulator", "HeroesMapManipulator\HeroesMapManipulator.csproj", "{E78BE959-EEC1-4BB8-92D5-A93BA48FF790}"
EndProject
Project("{FAE04EC0-301F-11D3-BF4B-00C04F79EFBC}") = "TurkishEncodingFixer", "TurkishEncodingFixer\TurkishEncodingFixer.csproj", "{6C358CE8-7866-4C2B-9D1C-7F02B673094C}"
EndProject
Project("{FAE04EC0-301F-11D3-BF4B-00C04F79EFBC}") = "TextCompare", "TextCompare\TextCompare.csproj", "{545A3E99-C97A-4FB3-A60B-845FA3C2AD9D}"
EndProject
Global
	GlobalSection(SolutionConfigurationPlatforms) = preSolution
		Debug|Any CPU = Debug|Any CPU
		Debug|x64 = Debug|x64
		Debug|x86 = Debug|x86
		Release|Any CPU = Release|Any CPU
		Release|x64 = Release|x64
		Release|x86 = Release|x86
	EndGlobalSection
	GlobalSection(ProjectConfigurationPlatforms) = postSolution
		{94279BAB-F62C-4D42-BBA5-A6F03CEAD7B0}.Debug|Any CPU.ActiveCfg = Debug|x86
		{94279BAB-F62C-4D42-BBA5-A6F03CEAD7B0}.Debug|Any CPU.Build.0 = Debug|x86
		{94279BAB-F62C-4D42-BBA5-A6F03CEAD7B0}.Debug|x64.ActiveCfg = Debug|x86
		{94279BAB-F62C-4D42-BBA5-A6F03CEAD7B0}.Debug|x86.ActiveCfg = Debug|x86
		{94279BAB-F62C-4D42-BBA5-A6F03CEAD7B0}.Debug|x86.Build.0 = Debug|x86
		{94279BAB-F62C-4D42-BBA5-A6F03CEAD7B0}.Release|Any CPU.ActiveCfg = Release|x86
		{94279BAB-F62C-4D42-BBA5-A6F03CEAD7B0}.Release|x64.ActiveCfg = Release|x86
		{94279BAB-F62C-4D42-BBA5-A6F03CEAD7B0}.Release|x86.ActiveCfg = Release|x86
		{94279BAB-F62C-4D42-BBA5-A6F03CEAD7B0}.Release|x86.Build.0 = Release|x86
		{F950AF46-7A10-4FFE-B7D8-A09DF845FB67}.Debug|Any CPU.ActiveCfg = Debug|x86
		{F950AF46-7A10-4FFE-B7D8-A09DF845FB67}.Debug|Any CPU.Build.0 = Debug|x86
		{F950AF46-7A10-4FFE-B7D8-A09DF845FB67}.Debug|x64.ActiveCfg = Debug|x86
		{F950AF46-7A10-4FFE-B7D8-A09DF845FB67}.Debug|x86.ActiveCfg = Debug|x86
		{F950AF46-7A10-4FFE-B7D8-A09DF845FB67}.Debug|x86.Build.0 = Debug|x86
		{F950AF46-7A10-4FFE-B7D8-A09DF845FB67}.Release|Any CPU.ActiveCfg = Release|x86
		{F950AF46-7A10-4FFE-B7D8-A09DF845FB67}.Release|x64.ActiveCfg = Release|x86
		{F950AF46-7A10-4FFE-B7D8-A09DF845FB67}.Release|x86.ActiveCfg = Release|x86
		{F950AF46-7A10-4FFE-B7D8-A09DF845FB67}.Release|x86.Build.0 = Release|x86
		{C12A56FA-8F39-47CD-A249-6DC0327426E8}.Debug|Any CPU.ActiveCfg = Debug|x86
		{C12A56FA-8F39-47CD-A249-6DC0327426E8}.Debug|Any CPU.Build.0 = Debug|x86
		{C12A56FA-8F39-47CD-A249-6DC0327426E8}.Debug|x64.ActiveCfg = Debug|x86
		{C12A56FA-8F39-47CD-A249-6DC0327426E8}.Debug|x86.ActiveCfg = Debug|x86
		{C12A56FA-8F39-47CD-A249-6DC0327426E8}.Debug|x86.Build.0 = Debug|x86
		{C12A56FA-8F39-47CD-A249-6DC0327426E8}.Release|Any CPU.ActiveCfg = Release|x86
		{C12A56FA-8F39-47CD-A249-6DC0327426E8}.Release|x64.ActiveCfg = Release|x86
		{C12A56FA-8F39-47CD-A249-6DC0327426E8}.Release|x86.ActiveCfg = Release|x86
		{C12A56FA-8F39-47CD-A249-6DC0327426E8}.Release|x86.Build.0 = Release|x86
		{89524161-6D8C-4739-A880-6F242A218248}.Debug|Any CPU.ActiveCfg = Debug|x86
		{89524161-6D8C-4739-A880-6F242A218248}.Debug|Any CPU.Build.0 = Debug|x86
		{89524161-6D8C-4739-A880-6F242A218248}.Debug|x64.ActiveCfg = Debug|x86
		{89524161-6D8C-4739-A880-6F242A218248}.Debug|x86.ActiveCfg = Debug|x86
		{89524161-6D8C-4739-A880-6F242A218248}.Debug|x86.Build.0 = Debug|x86
		{89524161-6D8C-4739-A880-6F242A218248}.Release|Any CPU.ActiveCfg = Release|x86
		{89524161-6D8C-4739-A880-6F242A218248}.Release|x64.ActiveCfg = Release|x86
		{89524161-6D8C-4739-A880-6F242A218248}.Release|x86.ActiveCfg = Release|x86
		{89524161-6D8C-4739-A880-6F242A218248}.Release|x86.Build.0 = Release|x86
		{620E3A03-66BA-472F-8C21-50826C1E8B3C}.Debug|Any CPU.ActiveCfg = Debug|Any CPU
		{620E3A03-66BA-472F-8C21-50826C1E8B3C}.Debug|Any CPU.Build.0 = Debug|Any CPU
		{620E3A03-66BA-472F-8C21-50826C1E8B3C}.Debug|x64.ActiveCfg = Debug|Any CPU
		{620E3A03-66BA-472F-8C21-50826C1E8B3C}.Debug|x64.Build.0 = Debug|Any CPU
		{620E3A03-66BA-472F-8C21-50826C1E8B3C}.Debug|x86.ActiveCfg = Debug|Any CPU
		{620E3A03-66BA-472F-8C21-50826C1E8B3C}.Debug|x86.Build.0 = Debug|Any CPU
		{620E3A03-66BA-472F-8C21-50826C1E8B3C}.Release|Any CPU.ActiveCfg = Release|Any CPU
		{620E3A03-66BA-472F-8C21-50826C1E8B3C}.Release|Any CPU.Build.0 = Release|Any CPU
		{620E3A03-66BA-472F-8C21-50826C1E8B3C}.Release|x64.ActiveCfg = Release|Any CPU
		{620E3A03-66BA-472F-8C21-50826C1E8B3C}.Release|x64.Build.0 = Release|Any CPU
		{620E3A03-66BA-472F-8C21-50826C1E8B3C}.Release|x86.ActiveCfg = Release|Any CPU
		{620E3A03-66BA-472F-8C21-50826C1E8B3C}.Release|x86.Build.0 = Release|Any CPU
		{3A8DD977-4954-4CFF-B8DC-52D7BB131B99}.Debug|Any CPU.ActiveCfg = Debug|Any CPU
		{3A8DD977-4954-4CFF-B8DC-52D7BB131B99}.Debug|Any CPU.Build.0 = Debug|Any CPU
		{3A8DD977-4954-4CFF-B8DC-52D7BB131B99}.Debug|x64.ActiveCfg = Debug|Any CPU
		{3A8DD977-4954-4CFF-B8DC-52D7BB131B99}.Debug|x64.Build.0 = Debug|Any CPU
		{3A8DD977-4954-4CFF-B8DC-52D7BB131B99}.Debug|x86.ActiveCfg = Debug|Any CPU
		{3A8DD977-4954-4CFF-B8DC-52D7BB131B99}.Debug|x86.Build.0 = Debug|Any CPU
		{3A8DD977-4954-4CFF-B8DC-52D7BB131B99}.Release|Any CPU.ActiveCfg = Release|Any CPU
		{3A8DD977-4954-4CFF-B8DC-52D7BB131B99}.Release|Any CPU.Build.0 = Release|Any CPU
		{3A8DD977-4954-4CFF-B8DC-52D7BB131B99}.Release|x64.ActiveCfg = Release|Any CPU
		{3A8DD977-4954-4CFF-B8DC-52D7BB131B99}.Release|x64.Build.0 = Release|Any CPU
		{3A8DD977-4954-4CFF-B8DC-52D7BB131B99}.Release|x86.ActiveCfg = Release|Any CPU
		{3A8DD977-4954-4CFF-B8DC-52D7BB131B99}.Release|x86.Build.0 = Release|Any CPU
		{32F56A41-7883-41AF-A824-603A328D67B2}.Debug|Any CPU.ActiveCfg = Debug|Any CPU
		{32F56A41-7883-41AF-A824-603A328D67B2}.Debug|Any CPU.Build.0 = Debug|Any CPU
		{32F56A41-7883-41AF-A824-603A328D67B2}.Debug|x64.ActiveCfg = Debug|Any CPU
		{32F56A41-7883-41AF-A824-603A328D67B2}.Debug|x64.Build.0 = Debug|Any CPU
		{32F56A41-7883-41AF-A824-603A328D67B2}.Debug|x86.ActiveCfg = Debug|Any CPU
		{32F56A41-7883-41AF-A824-603A328D67B2}.Debug|x86.Build.0 = Debug|Any CPU
		{32F56A41-7883-41AF-A824-603A328D67B2}.Release|Any CPU.ActiveCfg = Release|Any CPU
		{32F56A41-7883-41AF-A824-603A328D67B2}.Release|Any CPU.Build.0 = Release|Any CPU
		{32F56A41-7883-41AF-A824-603A328D67B2}.Release|x64.ActiveCfg = Release|Any CPU
		{32F56A41-7883-41AF-A824-603A328D67B2}.Release|x64.Build.0 = Release|Any CPU
		{32F56A41-7883-41AF-A824-603A328D67B2}.Release|x86.ActiveCfg = Release|Any CPU
		{32F56A41-7883-41AF-A824-603A328D67B2}.Release|x86.Build.0 = Release|Any CPU
		{E78BE959-EEC1-4BB8-92D5-A93BA48FF790}.Debug|Any CPU.ActiveCfg = Debug|Any CPU
		{E78BE959-EEC1-4BB8-92D5-A93BA48FF790}.Debug|Any CPU.Build.0 = Debug|Any CPU
		{E78BE959-EEC1-4BB8-92D5-A93BA48FF790}.Debug|x64.ActiveCfg = Debug|Any CPU
		{E78BE959-EEC1-4BB8-92D5-A93BA48FF790}.Debug|x64.Build.0 = Debug|Any CPU
		{E78BE959-EEC1-4BB8-92D5-A93BA48FF790}.Debug|x86.ActiveCfg = Debug|Any CPU
		{E78BE959-EEC1-4BB8-92D5-A93BA48FF790}.Debug|x86.Build.0 = Debug|Any CPU
		{E78BE959-EEC1-4BB8-92D5-A93BA48FF790}.Release|Any CPU.ActiveCfg = Release|Any CPU
		{E78BE959-EEC1-4BB8-92D5-A93BA48FF790}.Release|Any CPU.Build.0 = Release|Any CPU
		{E78BE959-EEC1-4BB8-92D5-A93BA48FF790}.Release|x64.ActiveCfg = Release|Any CPU
		{E78BE959-EEC1-4BB8-92D5-A93BA48FF790}.Release|x64.Build.0 = Release|Any CPU
		{E78BE959-EEC1-4BB8-92D5-A93BA48FF790}.Release|x86.ActiveCfg = Release|Any CPU
		{E78BE959-EEC1-4BB8-92D5-A93BA48FF790}.Release|x86.Build.0 = Release|Any CPU
		{6C358CE8-7866-4C2B-9D1C-7F02B673094C}.Debug|Any CPU.ActiveCfg = Debug|Any CPU
		{6C358CE8-7866-4C2B-9D1C-7F02B673094C}.Debug|Any CPU.Build.0 = Debug|Any CPU
		{6C358CE8-7866-4C2B-9D1C-7F02B673094C}.Debug|x64.ActiveCfg = Debug|Any CPU
		{6C358CE8-7866-4C2B-9D1C-7F02B673094C}.Debug|x64.Build.0 = Debug|Any CPU
		{6C358CE8-7866-4C2B-9D1C-7F02B673094C}.Debug|x86.ActiveCfg = Debug|Any CPU
		{6C358CE8-7866-4C2B-9D1C-7F02B673094C}.Debug|x86.Build.0 = Debug|Any CPU
		{6C358CE8-7866-4C2B-9D1C-7F02B673094C}.Release|Any CPU.ActiveCfg = Release|Any CPU
		{6C358CE8-7866-4C2B-9D1C-7F02B673094C}.Release|Any CPU.Build.0 = Release|Any CPU
		{6C358CE8-7866-4C2B-9D1C-7F02B673094C}.Release|x64.ActiveCfg = Release|Any CPU
		{6C358CE8-7866-4C2B-9D1C-7F02B673094C}.Release|x64.Build.0 = Release|Any CPU
		{6C358CE8-7866-4C2B-9D1C-7F02B673094C}.Release|x86.ActiveCfg = Release|Any CPU
		{6C358CE8-7866-4C2B-9D1C-7F02B673094C}.Release|x86.Build.0 = Release|Any CPU
		{545A3E99-C97A-4FB3-A60B-845FA3C2AD9D}.Debug|Any CPU.ActiveCfg = Debug|Any CPU
		{545A3E99-C97A-4FB3-A60B-845FA3C2AD9D}.Debug|Any CPU.Build.0 = Debug|Any CPU
		{545A3E99-C97A-4FB3-A60B-845FA3C2AD9D}.Debug|x64.ActiveCfg = Debug|Any CPU
		{545A3E99-C97A-4FB3-A60B-845FA3C2AD9D}.Debug|x64.Build.0 = Debug|Any CPU
		{545A3E99-C97A-4FB3-A60B-845FA3C2AD9D}.Debug|x86.ActiveCfg = Debug|Any CPU
		{545A3E99-C97A-4FB3-A60B-845FA3C2AD9D}.Debug|x86.Build.0 = Debug|Any CPU
		{545A3E99-C97A-4FB3-A60B-845FA3C2AD9D}.Release|Any CPU.ActiveCfg = Release|Any CPU
		{545A3E99-C97A-4FB3-A60B-845FA3C2AD9D}.Release|Any CPU.Build.0 = Release|Any CPU
		{545A3E99-C97A-4FB3-A60B-845FA3C2AD9D}.Release|x64.ActiveCfg = Release|Any CPU
		{545A3E99-C97A-4FB3-A60B-845FA3C2AD9D}.Release|x64.Build.0 = Release|Any CPU
		{545A3E99-C97A-4FB3-A60B-845FA3C2AD9D}.Release|x86.ActiveCfg = Release|Any CPU
		{545A3E99-C97A-4FB3-A60B-845FA3C2AD9D}.Release|x86.Build.0 = Release|Any CPU
	EndGlobalSection
	GlobalSection(SolutionProperties) = preSolution
		HideSolutionNode = FALSE
	EndGlobalSection
	GlobalSection(ExtensibilityGlobals) = postSolution
		SolutionGuid = {2EB9F538-A8FB-47B3-8FBA-C1F658A10AD6}
	EndGlobalSection
EndGlobal
