
Microsoft Visual Studio Solution File, Format Version 12.00
# Visual Studio Version 17
VisualStudioVersion = 17.3.32929.385
MinimumVisualStudioVersion = 10.0.40219.1
Project("{FAE04EC0-301F-11D3-BF4B-00C04F79EFBC}") = "WebModelFactory", "WebModelFactory\WebModelFactory.csproj", "{0C1E467A-8226-494D-9A25-EF2511F7DF0E}"
EndProject
Project("{FAE04EC0-301F-11D3-BF4B-00C04F79EFBC}") = "Data", "Data.Factory\Data.csproj", "{B8ABFB8D-4EF6-4E1C-A3F6-DF57349DF13D}"
EndProject
Project("{FAE04EC0-301F-11D3-BF4B-00C04F79EFBC}") = "Model", "Model\Model.csproj", "{EE7F0A07-998E-4644-97EC-CC8B230C10E6}"
EndProject
Project("{FAE04EC0-301F-11D3-BF4B-00C04F79EFBC}") = "Business", "Business\Business.csproj", "{47208DF9-E68C-4837-BA66-1D3A397D9448}"
EndProject
Project("{FAE04EC0-301F-11D3-BF4B-00C04F79EFBC}") = "ConsoleProgram", "Console\ConsoleProgram.csproj", "{7E4F9365-0EB5-4ABD-81D2-0923EE1536A3}"
EndProject
Project("{FAE04EC0-301F-11D3-BF4B-00C04F79EFBC}") = "MapperTextlibrary", "MapperTextlibrary\MapperTextlibrary.csproj", "{96C15EBF-BF2A-4235-9D22-D002EAFFB841}"
EndProject
Project("{FAE04EC0-301F-11D3-BF4B-00C04F79EFBC}") = "SharePointMvc", "SharePointMvc\SharePointMvc.csproj", "{0845AC87-7E06-42EF-A7C9-A2F4591966A4}"
EndProject
Project("{FAE04EC0-301F-11D3-BF4B-00C04F79EFBC}") = "MVCCore", "MVCCore\MVCCore.csproj", "{FD9612BE-0C6E-4EA9-B2BD-7F5C93733B1A}"
EndProject
Global
	GlobalSection(SolutionConfigurationPlatforms) = preSolution
		Debug|Any CPU = Debug|Any CPU
		Debug|Mixed Platforms = Debug|Mixed Platforms
		Debug|x86 = Debug|x86
		Release|Any CPU = Release|Any CPU
		Release|Mixed Platforms = Release|Mixed Platforms
		Release|x86 = Release|x86
	EndGlobalSection
	GlobalSection(ProjectConfigurationPlatforms) = postSolution
		{0C1E467A-8226-494D-9A25-EF2511F7DF0E}.Debug|Any CPU.ActiveCfg = Debug|Any CPU
		{0C1E467A-8226-494D-9A25-EF2511F7DF0E}.Debug|Any CPU.Build.0 = Debug|Any CPU
		{0C1E467A-8226-494D-9A25-EF2511F7DF0E}.Debug|Mixed Platforms.ActiveCfg = Debug|Any CPU
		{0C1E467A-8226-494D-9A25-EF2511F7DF0E}.Debug|Mixed Platforms.Build.0 = Debug|Any CPU
		{0C1E467A-8226-494D-9A25-EF2511F7DF0E}.Debug|x86.ActiveCfg = Debug|Any CPU
		{0C1E467A-8226-494D-9A25-EF2511F7DF0E}.Release|Any CPU.ActiveCfg = Release|Any CPU
		{0C1E467A-8226-494D-9A25-EF2511F7DF0E}.Release|Any CPU.Build.0 = Release|Any CPU
		{0C1E467A-8226-494D-9A25-EF2511F7DF0E}.Release|Mixed Platforms.ActiveCfg = Release|Any CPU
		{0C1E467A-8226-494D-9A25-EF2511F7DF0E}.Release|Mixed Platforms.Build.0 = Release|Any CPU
		{0C1E467A-8226-494D-9A25-EF2511F7DF0E}.Release|x86.ActiveCfg = Release|Any CPU
		{B8ABFB8D-4EF6-4E1C-A3F6-DF57349DF13D}.Debug|Any CPU.ActiveCfg = Debug|Any CPU
		{B8ABFB8D-4EF6-4E1C-A3F6-DF57349DF13D}.Debug|Any CPU.Build.0 = Debug|Any CPU
		{B8ABFB8D-4EF6-4E1C-A3F6-DF57349DF13D}.Debug|Mixed Platforms.ActiveCfg = Debug|Any CPU
		{B8ABFB8D-4EF6-4E1C-A3F6-DF57349DF13D}.Debug|Mixed Platforms.Build.0 = Debug|Any CPU
		{B8ABFB8D-4EF6-4E1C-A3F6-DF57349DF13D}.Debug|x86.ActiveCfg = Debug|Any CPU
		{B8ABFB8D-4EF6-4E1C-A3F6-DF57349DF13D}.Release|Any CPU.ActiveCfg = Release|Any CPU
		{B8ABFB8D-4EF6-4E1C-A3F6-DF57349DF13D}.Release|Any CPU.Build.0 = Release|Any CPU
		{B8ABFB8D-4EF6-4E1C-A3F6-DF57349DF13D}.Release|Mixed Platforms.ActiveCfg = Release|Any CPU
		{B8ABFB8D-4EF6-4E1C-A3F6-DF57349DF13D}.Release|Mixed Platforms.Build.0 = Release|Any CPU
		{B8ABFB8D-4EF6-4E1C-A3F6-DF57349DF13D}.Release|x86.ActiveCfg = Release|Any CPU
		{EE7F0A07-998E-4644-97EC-CC8B230C10E6}.Debug|Any CPU.ActiveCfg = Debug|Any CPU
		{EE7F0A07-998E-4644-97EC-CC8B230C10E6}.Debug|Any CPU.Build.0 = Debug|Any CPU
		{EE7F0A07-998E-4644-97EC-CC8B230C10E6}.Debug|Mixed Platforms.ActiveCfg = Debug|Any CPU
		{EE7F0A07-998E-4644-97EC-CC8B230C10E6}.Debug|Mixed Platforms.Build.0 = Debug|Any CPU
		{EE7F0A07-998E-4644-97EC-CC8B230C10E6}.Debug|x86.ActiveCfg = Debug|Any CPU
		{EE7F0A07-998E-4644-97EC-CC8B230C10E6}.Release|Any CPU.ActiveCfg = Release|Any CPU
		{EE7F0A07-998E-4644-97EC-CC8B230C10E6}.Release|Any CPU.Build.0 = Release|Any CPU
		{EE7F0A07-998E-4644-97EC-CC8B230C10E6}.Release|Mixed Platforms.ActiveCfg = Release|Any CPU
		{EE7F0A07-998E-4644-97EC-CC8B230C10E6}.Release|Mixed Platforms.Build.0 = Release|Any CPU
		{EE7F0A07-998E-4644-97EC-CC8B230C10E6}.Release|x86.ActiveCfg = Release|Any CPU
		{47208DF9-E68C-4837-BA66-1D3A397D9448}.Debug|Any CPU.ActiveCfg = Debug|Any CPU
		{47208DF9-E68C-4837-BA66-1D3A397D9448}.Debug|Any CPU.Build.0 = Debug|Any CPU
		{47208DF9-E68C-4837-BA66-1D3A397D9448}.Debug|Mixed Platforms.ActiveCfg = Debug|Any CPU
		{47208DF9-E68C-4837-BA66-1D3A397D9448}.Debug|Mixed Platforms.Build.0 = Debug|Any CPU
		{47208DF9-E68C-4837-BA66-1D3A397D9448}.Debug|x86.ActiveCfg = Debug|Any CPU
		{47208DF9-E68C-4837-BA66-1D3A397D9448}.Release|Any CPU.ActiveCfg = Release|Any CPU
		{47208DF9-E68C-4837-BA66-1D3A397D9448}.Release|Any CPU.Build.0 = Release|Any CPU
		{47208DF9-E68C-4837-BA66-1D3A397D9448}.Release|Mixed Platforms.ActiveCfg = Release|Any CPU
		{47208DF9-E68C-4837-BA66-1D3A397D9448}.Release|Mixed Platforms.Build.0 = Release|Any CPU
		{47208DF9-E68C-4837-BA66-1D3A397D9448}.Release|x86.ActiveCfg = Release|Any CPU
		{7E4F9365-0EB5-4ABD-81D2-0923EE1536A3}.Debug|Any CPU.ActiveCfg = Debug|Any CPU
		{7E4F9365-0EB5-4ABD-81D2-0923EE1536A3}.Debug|Any CPU.Build.0 = Debug|Any CPU
		{7E4F9365-0EB5-4ABD-81D2-0923EE1536A3}.Debug|Mixed Platforms.ActiveCfg = Debug|Any CPU
		{7E4F9365-0EB5-4ABD-81D2-0923EE1536A3}.Debug|Mixed Platforms.Build.0 = Debug|Any CPU
		{7E4F9365-0EB5-4ABD-81D2-0923EE1536A3}.Debug|x86.ActiveCfg = Debug|Any CPU
		{7E4F9365-0EB5-4ABD-81D2-0923EE1536A3}.Release|Any CPU.ActiveCfg = Release|Any CPU
		{7E4F9365-0EB5-4ABD-81D2-0923EE1536A3}.Release|Any CPU.Build.0 = Release|Any CPU
		{7E4F9365-0EB5-4ABD-81D2-0923EE1536A3}.Release|Mixed Platforms.ActiveCfg = Release|Any CPU
		{7E4F9365-0EB5-4ABD-81D2-0923EE1536A3}.Release|Mixed Platforms.Build.0 = Release|Any CPU
		{7E4F9365-0EB5-4ABD-81D2-0923EE1536A3}.Release|x86.ActiveCfg = Release|Any CPU
		{96C15EBF-BF2A-4235-9D22-D002EAFFB841}.Debug|Any CPU.ActiveCfg = Debug|Any CPU
		{96C15EBF-BF2A-4235-9D22-D002EAFFB841}.Debug|Any CPU.Build.0 = Debug|Any CPU
		{96C15EBF-BF2A-4235-9D22-D002EAFFB841}.Debug|Mixed Platforms.ActiveCfg = Debug|Any CPU
		{96C15EBF-BF2A-4235-9D22-D002EAFFB841}.Debug|Mixed Platforms.Build.0 = Debug|Any CPU
		{96C15EBF-BF2A-4235-9D22-D002EAFFB841}.Debug|x86.ActiveCfg = Debug|Any CPU
		{96C15EBF-BF2A-4235-9D22-D002EAFFB841}.Release|Any CPU.ActiveCfg = Release|Any CPU
		{96C15EBF-BF2A-4235-9D22-D002EAFFB841}.Release|Any CPU.Build.0 = Release|Any CPU
		{96C15EBF-BF2A-4235-9D22-D002EAFFB841}.Release|Mixed Platforms.ActiveCfg = Release|Any CPU
		{96C15EBF-BF2A-4235-9D22-D002EAFFB841}.Release|Mixed Platforms.Build.0 = Release|Any CPU
		{96C15EBF-BF2A-4235-9D22-D002EAFFB841}.Release|x86.ActiveCfg = Release|Any CPU
		{0845AC87-7E06-42EF-A7C9-A2F4591966A4}.Debug|Any CPU.ActiveCfg = Debug|Any CPU
		{0845AC87-7E06-42EF-A7C9-A2F4591966A4}.Debug|Any CPU.Build.0 = Debug|Any CPU
		{0845AC87-7E06-42EF-A7C9-A2F4591966A4}.Debug|Mixed Platforms.ActiveCfg = Debug|Any CPU
		{0845AC87-7E06-42EF-A7C9-A2F4591966A4}.Debug|Mixed Platforms.Build.0 = Debug|Any CPU
		{0845AC87-7E06-42EF-A7C9-A2F4591966A4}.Debug|x86.ActiveCfg = Debug|Any CPU
		{0845AC87-7E06-42EF-A7C9-A2F4591966A4}.Debug|x86.Build.0 = Debug|Any CPU
		{0845AC87-7E06-42EF-A7C9-A2F4591966A4}.Release|Any CPU.ActiveCfg = Release|Any CPU
		{0845AC87-7E06-42EF-A7C9-A2F4591966A4}.Release|Any CPU.Build.0 = Release|Any CPU
		{0845AC87-7E06-42EF-A7C9-A2F4591966A4}.Release|Mixed Platforms.ActiveCfg = Release|Any CPU
		{0845AC87-7E06-42EF-A7C9-A2F4591966A4}.Release|Mixed Platforms.Build.0 = Release|Any CPU
		{0845AC87-7E06-42EF-A7C9-A2F4591966A4}.Release|x86.ActiveCfg = Release|Any CPU
		{0845AC87-7E06-42EF-A7C9-A2F4591966A4}.Release|x86.Build.0 = Release|Any CPU
		{FD9612BE-0C6E-4EA9-B2BD-7F5C93733B1A}.Debug|Any CPU.ActiveCfg = Debug|Any CPU
		{FD9612BE-0C6E-4EA9-B2BD-7F5C93733B1A}.Debug|Any CPU.Build.0 = Debug|Any CPU
		{FD9612BE-0C6E-4EA9-B2BD-7F5C93733B1A}.Debug|Mixed Platforms.ActiveCfg = Debug|Any CPU
		{FD9612BE-0C6E-4EA9-B2BD-7F5C93733B1A}.Debug|Mixed Platforms.Build.0 = Debug|Any CPU
		{FD9612BE-0C6E-4EA9-B2BD-7F5C93733B1A}.Debug|x86.ActiveCfg = Debug|Any CPU
		{FD9612BE-0C6E-4EA9-B2BD-7F5C93733B1A}.Debug|x86.Build.0 = Debug|Any CPU
		{FD9612BE-0C6E-4EA9-B2BD-7F5C93733B1A}.Release|Any CPU.ActiveCfg = Release|Any CPU
		{FD9612BE-0C6E-4EA9-B2BD-7F5C93733B1A}.Release|Any CPU.Build.0 = Release|Any CPU
		{FD9612BE-0C6E-4EA9-B2BD-7F5C93733B1A}.Release|Mixed Platforms.ActiveCfg = Release|Any CPU
		{FD9612BE-0C6E-4EA9-B2BD-7F5C93733B1A}.Release|Mixed Platforms.Build.0 = Release|Any CPU
		{FD9612BE-0C6E-4EA9-B2BD-7F5C93733B1A}.Release|x86.ActiveCfg = Release|Any CPU
		{FD9612BE-0C6E-4EA9-B2BD-7F5C93733B1A}.Release|x86.Build.0 = Release|Any CPU
	EndGlobalSection
	GlobalSection(SolutionProperties) = preSolution
		HideSolutionNode = FALSE
	EndGlobalSection
	GlobalSection(ExtensibilityGlobals) = postSolution
		SolutionGuid = {DA364D70-D8C4-4E28-8372-CF605D2B7EFA}
	EndGlobalSection
EndGlobal
